
Microsoft Visual Studio Solution File, Format Version 12.00
# Visual Studio Version 17
VisualStudioVersion = 17.10.35122.118
MinimumVisualStudioVersion = 10.0.40219.1
Project("{FAE04EC0-301F-11D3-BF4B-00C04F79EFBC}") = "CharityFundConsoleApp", "CharityFund\CharityFundConsoleApp.csproj", "{656B96E4-2C7F-491F-B14F-FD6080F23E14}"
EndProject
Global
	GlobalSection(SolutionConfigurationPlatforms) = preSolution
		Debug|Any CPU = Debug|Any CPU
		Release|Any CPU = Release|Any CPU
	EndGlobalSection
	GlobalSection(ProjectConfigurationPlatforms) = postSolution
		{656B96E4-2C7F-491F-B14F-FD6080F23E14}.Debug|Any CPU.ActiveCfg = Debug|Any CPU
		{656B96E4-2C7F-491F-B14F-FD6080F23E14}.Debug|Any CPU.Build.0 = Debug|Any CPU
		{656B96E4-2C7F-491F-B14F-FD6080F23E14}.Release|Any CPU.ActiveCfg = Release|Any CPU
		{656B96E4-2C7F-491F-B14F-FD6080F23E14}.Release|Any CPU.Build.0 = Release|Any CPU
	EndGlobalSection
	GlobalSection(SolutionProperties) = preSolution
		HideSolutionNode = FALSE
	EndGlobalSection
	GlobalSection(ExtensibilityGlobals) = postSolution
		SolutionGuid = {098A00DA-E43A-4D89-8CB2-5379C98EC1D0}
	EndGlobalSection
EndGlobal
